// !$*UTF8*$!
{
	archiveVersion = 1;
	classes = {
	};
	objectVersion = 56;
	objects = {

/* Begin PBXBuildFile section */
		1E3C6B3CF7BD00CF88C5E032 /* Pods_OpenWeatherApp.framework in Frameworks */ = {isa = PBXBuildFile; fileRef = D16931ECB82ABABF2317EC91 /* Pods_OpenWeatherApp.framework */; };
		1FABC6F5A494B2ED9CD72ADA /* Pods_OpenWeatherApp_OpenWeatherAppUITests.framework in Frameworks */ = {isa = PBXBuildFile; fileRef = 823EA91CA5F491DEF7B5A3FA /* Pods_OpenWeatherApp_OpenWeatherAppUITests.framework */; };
		572057CA24551F37DA79B587 /* Pods_OpenWeatherAppTests.framework in Frameworks */ = {isa = PBXBuildFile; fileRef = 2731140D3A9E95F881DB2BDB /* Pods_OpenWeatherAppTests.framework */; };
		F283D07229B7B34A0055DEED /* OpenWeatherAppApp.swift in Sources */ = {isa = PBXBuildFile; fileRef = F283D07129B7B34A0055DEED /* OpenWeatherAppApp.swift */; };
		F283D07429B7B34A0055DEED /* ContentView.swift in Sources */ = {isa = PBXBuildFile; fileRef = F283D07329B7B34A0055DEED /* ContentView.swift */; };
		F283D07629B7B34B0055DEED /* Assets.xcassets in Resources */ = {isa = PBXBuildFile; fileRef = F283D07529B7B34B0055DEED /* Assets.xcassets */; };
		F283D07929B7B34B0055DEED /* Preview Assets.xcassets in Resources */ = {isa = PBXBuildFile; fileRef = F283D07829B7B34B0055DEED /* Preview Assets.xcassets */; };
		F283D08329B7B34C0055DEED /* OpenWeatherAppTests.swift in Sources */ = {isa = PBXBuildFile; fileRef = F283D08229B7B34C0055DEED /* OpenWeatherAppTests.swift */; };
		F283D08D29B7B34C0055DEED /* OpenWeatherAppUITests.swift in Sources */ = {isa = PBXBuildFile; fileRef = F283D08C29B7B34C0055DEED /* OpenWeatherAppUITests.swift */; };
		F283D08F29B7B34C0055DEED /* OpenWeatherAppUITestsLaunchTests.swift in Sources */ = {isa = PBXBuildFile; fileRef = F283D08E29B7B34C0055DEED /* OpenWeatherAppUITestsLaunchTests.swift */; };
		F283D0A229B7C0950055DEED /* ForecastView.swift in Sources */ = {isa = PBXBuildFile; fileRef = F283D0A129B7C0950055DEED /* ForecastView.swift */; };
		F2D6F66429B7CE4800C9B9F2 /* Localizable.strings in Resources */ = {isa = PBXBuildFile; fileRef = F2D6F66329B7CE4800C9B9F2 /* Localizable.strings */; };
		F2D6F66629B7CEFD00C9B9F2 /* R.generated.swift in Sources */ = {isa = PBXBuildFile; fileRef = F2D6F66529B7CEFD00C9B9F2 /* R.generated.swift */; };
		F2D6F66829B7D55800C9B9F2 /* ForecastVM.swift in Sources */ = {isa = PBXBuildFile; fileRef = F2D6F66729B7D55800C9B9F2 /* ForecastVM.swift */; };
		F2D6F66E29B7D69B00C9B9F2 /* OpenWeatherService.swift in Sources */ = {isa = PBXBuildFile; fileRef = F2D6F66D29B7D69B00C9B9F2 /* OpenWeatherService.swift */; };
		F2D6F67129B7DC8100C9B9F2 /* WeatherForecastResponse.swift in Sources */ = {isa = PBXBuildFile; fileRef = F2D6F67029B7DC8100C9B9F2 /* WeatherForecastResponse.swift */; };
		F2D6F67329B7F38200C9B9F2 /* ForecastRow.swift in Sources */ = {isa = PBXBuildFile; fileRef = F2D6F67229B7F38200C9B9F2 /* ForecastRow.swift */; };
		F2D6F67729B7F6E700C9B9F2 /* Date + Extensions.swift in Sources */ = {isa = PBXBuildFile; fileRef = F2D6F67629B7F6E700C9B9F2 /* Date + Extensions.swift */; };
		F2D6F67929B7FC8900C9B9F2 /* Forecast.swift in Sources */ = {isa = PBXBuildFile; fileRef = F2D6F67829B7FC8900C9B9F2 /* Forecast.swift */; };
/* End PBXBuildFile section */

/* Begin PBXContainerItemProxy section */
		F283D07F29B7B34C0055DEED /* PBXContainerItemProxy */ = {
			isa = PBXContainerItemProxy;
			containerPortal = F283D06629B7B34A0055DEED /* Project object */;
			proxyType = 1;
			remoteGlobalIDString = F283D06D29B7B34A0055DEED;
			remoteInfo = OpenWeatherApp;
		};
		F283D08929B7B34C0055DEED /* PBXContainerItemProxy */ = {
			isa = PBXContainerItemProxy;
			containerPortal = F283D06629B7B34A0055DEED /* Project object */;
			proxyType = 1;
			remoteGlobalIDString = F283D06D29B7B34A0055DEED;
			remoteInfo = OpenWeatherApp;
		};
/* End PBXContainerItemProxy section */

/* Begin PBXFileReference section */
		236D9D0C710BFB9D04550BF5 /* Pods-OpenWeatherApp.debug.xcconfig */ = {isa = PBXFileReference; includeInIndex = 1; lastKnownFileType = text.xcconfig; name = "Pods-OpenWeatherApp.debug.xcconfig"; path = "Target Support Files/Pods-OpenWeatherApp/Pods-OpenWeatherApp.debug.xcconfig"; sourceTree = "<group>"; };
		2731140D3A9E95F881DB2BDB /* Pods_OpenWeatherAppTests.framework */ = {isa = PBXFileReference; explicitFileType = wrapper.framework; includeInIndex = 0; path = Pods_OpenWeatherAppTests.framework; sourceTree = BUILT_PRODUCTS_DIR; };
		27D7DD461C5FD04CDFD0FA71 /* Pods-OpenWeatherAppTests.debug.xcconfig */ = {isa = PBXFileReference; includeInIndex = 1; lastKnownFileType = text.xcconfig; name = "Pods-OpenWeatherAppTests.debug.xcconfig"; path = "Target Support Files/Pods-OpenWeatherAppTests/Pods-OpenWeatherAppTests.debug.xcconfig"; sourceTree = "<group>"; };
		557C59024D200EDD693479A9 /* Pods-OpenWeatherApp-OpenWeatherAppUITests.debug.xcconfig */ = {isa = PBXFileReference; includeInIndex = 1; lastKnownFileType = text.xcconfig; name = "Pods-OpenWeatherApp-OpenWeatherAppUITests.debug.xcconfig"; path = "Target Support Files/Pods-OpenWeatherApp-OpenWeatherAppUITests/Pods-OpenWeatherApp-OpenWeatherAppUITests.debug.xcconfig"; sourceTree = "<group>"; };
		75950219C9828406D7E20D2F /* Pods-OpenWeatherApp.release.xcconfig */ = {isa = PBXFileReference; includeInIndex = 1; lastKnownFileType = text.xcconfig; name = "Pods-OpenWeatherApp.release.xcconfig"; path = "Target Support Files/Pods-OpenWeatherApp/Pods-OpenWeatherApp.release.xcconfig"; sourceTree = "<group>"; };
		7E3779E7B4E51BB9457F2F01 /* Pods-OpenWeatherApp-OpenWeatherAppUITests.release.xcconfig */ = {isa = PBXFileReference; includeInIndex = 1; lastKnownFileType = text.xcconfig; name = "Pods-OpenWeatherApp-OpenWeatherAppUITests.release.xcconfig"; path = "Target Support Files/Pods-OpenWeatherApp-OpenWeatherAppUITests/Pods-OpenWeatherApp-OpenWeatherAppUITests.release.xcconfig"; sourceTree = "<group>"; };
		823EA91CA5F491DEF7B5A3FA /* Pods_OpenWeatherApp_OpenWeatherAppUITests.framework */ = {isa = PBXFileReference; explicitFileType = wrapper.framework; includeInIndex = 0; path = Pods_OpenWeatherApp_OpenWeatherAppUITests.framework; sourceTree = BUILT_PRODUCTS_DIR; };
		D16931ECB82ABABF2317EC91 /* Pods_OpenWeatherApp.framework */ = {isa = PBXFileReference; explicitFileType = wrapper.framework; includeInIndex = 0; path = Pods_OpenWeatherApp.framework; sourceTree = BUILT_PRODUCTS_DIR; };
		EC73C43404A10E7FD01D6CFC /* Pods-OpenWeatherAppTests.release.xcconfig */ = {isa = PBXFileReference; includeInIndex = 1; lastKnownFileType = text.xcconfig; name = "Pods-OpenWeatherAppTests.release.xcconfig"; path = "Target Support Files/Pods-OpenWeatherAppTests/Pods-OpenWeatherAppTests.release.xcconfig"; sourceTree = "<group>"; };
		F283D06E29B7B34A0055DEED /* OpenWeatherApp.app */ = {isa = PBXFileReference; explicitFileType = wrapper.application; includeInIndex = 0; path = OpenWeatherApp.app; sourceTree = BUILT_PRODUCTS_DIR; };
		F283D07129B7B34A0055DEED /* OpenWeatherAppApp.swift */ = {isa = PBXFileReference; lastKnownFileType = sourcecode.swift; path = OpenWeatherAppApp.swift; sourceTree = "<group>"; };
		F283D07329B7B34A0055DEED /* ContentView.swift */ = {isa = PBXFileReference; lastKnownFileType = sourcecode.swift; path = ContentView.swift; sourceTree = "<group>"; };
		F283D07529B7B34B0055DEED /* Assets.xcassets */ = {isa = PBXFileReference; lastKnownFileType = folder.assetcatalog; path = Assets.xcassets; sourceTree = "<group>"; };
		F283D07829B7B34B0055DEED /* Preview Assets.xcassets */ = {isa = PBXFileReference; lastKnownFileType = folder.assetcatalog; path = "Preview Assets.xcassets"; sourceTree = "<group>"; };
		F283D07E29B7B34C0055DEED /* OpenWeatherAppTests.xctest */ = {isa = PBXFileReference; explicitFileType = wrapper.cfbundle; includeInIndex = 0; path = OpenWeatherAppTests.xctest; sourceTree = BUILT_PRODUCTS_DIR; };
		F283D08229B7B34C0055DEED /* OpenWeatherAppTests.swift */ = {isa = PBXFileReference; lastKnownFileType = sourcecode.swift; path = OpenWeatherAppTests.swift; sourceTree = "<group>"; };
		F283D08829B7B34C0055DEED /* OpenWeatherAppUITests.xctest */ = {isa = PBXFileReference; explicitFileType = wrapper.cfbundle; includeInIndex = 0; path = OpenWeatherAppUITests.xctest; sourceTree = BUILT_PRODUCTS_DIR; };
		F283D08C29B7B34C0055DEED /* OpenWeatherAppUITests.swift */ = {isa = PBXFileReference; lastKnownFileType = sourcecode.swift; path = OpenWeatherAppUITests.swift; sourceTree = "<group>"; };
		F283D08E29B7B34C0055DEED /* OpenWeatherAppUITestsLaunchTests.swift */ = {isa = PBXFileReference; lastKnownFileType = sourcecode.swift; path = OpenWeatherAppUITestsLaunchTests.swift; sourceTree = "<group>"; };
		F283D0A129B7C0950055DEED /* ForecastView.swift */ = {isa = PBXFileReference; lastKnownFileType = sourcecode.swift; path = ForecastView.swift; sourceTree = "<group>"; };
		F2D6F66329B7CE4800C9B9F2 /* Localizable.strings */ = {isa = PBXFileReference; lastKnownFileType = text.plist.strings; path = Localizable.strings; sourceTree = "<group>"; };
		F2D6F66529B7CEFD00C9B9F2 /* R.generated.swift */ = {isa = PBXFileReference; fileEncoding = 4; lastKnownFileType = sourcecode.swift; path = R.generated.swift; sourceTree = "<group>"; };
		F2D6F66729B7D55800C9B9F2 /* ForecastVM.swift */ = {isa = PBXFileReference; lastKnownFileType = sourcecode.swift; path = ForecastVM.swift; sourceTree = "<group>"; };
		F2D6F66D29B7D69B00C9B9F2 /* OpenWeatherService.swift */ = {isa = PBXFileReference; lastKnownFileType = sourcecode.swift; path = OpenWeatherService.swift; sourceTree = "<group>"; };
		F2D6F67029B7DC8100C9B9F2 /* WeatherForecastResponse.swift */ = {isa = PBXFileReference; lastKnownFileType = sourcecode.swift; path = WeatherForecastResponse.swift; sourceTree = "<group>"; };
		F2D6F67229B7F38200C9B9F2 /* ForecastRow.swift */ = {isa = PBXFileReference; lastKnownFileType = sourcecode.swift; path = ForecastRow.swift; sourceTree = "<group>"; };
		F2D6F67629B7F6E700C9B9F2 /* Date + Extensions.swift */ = {isa = PBXFileReference; lastKnownFileType = sourcecode.swift; path = "Date + Extensions.swift"; sourceTree = "<group>"; };
		F2D6F67829B7FC8900C9B9F2 /* Forecast.swift */ = {isa = PBXFileReference; lastKnownFileType = sourcecode.swift; path = Forecast.swift; sourceTree = "<group>"; };
/* End PBXFileReference section */

/* Begin PBXFrameworksBuildPhase section */
		F283D06B29B7B34A0055DEED /* Frameworks */ = {
			isa = PBXFrameworksBuildPhase;
			buildActionMask = 2147483647;
			files = (
				1E3C6B3CF7BD00CF88C5E032 /* Pods_OpenWeatherApp.framework in Frameworks */,
			);
			runOnlyForDeploymentPostprocessing = 0;
		};
		F283D07B29B7B34C0055DEED /* Frameworks */ = {
			isa = PBXFrameworksBuildPhase;
			buildActionMask = 2147483647;
			files = (
				572057CA24551F37DA79B587 /* Pods_OpenWeatherAppTests.framework in Frameworks */,
			);
			runOnlyForDeploymentPostprocessing = 0;
		};
		F283D08529B7B34C0055DEED /* Frameworks */ = {
			isa = PBXFrameworksBuildPhase;
			buildActionMask = 2147483647;
			files = (
				1FABC6F5A494B2ED9CD72ADA /* Pods_OpenWeatherApp_OpenWeatherAppUITests.framework in Frameworks */,
			);
			runOnlyForDeploymentPostprocessing = 0;
		};
/* End PBXFrameworksBuildPhase section */

/* Begin PBXGroup section */
		08B31BEDABE45E10B3AD9BD2 /* Pods */ = {
			isa = PBXGroup;
			children = (
				236D9D0C710BFB9D04550BF5 /* Pods-OpenWeatherApp.debug.xcconfig */,
				75950219C9828406D7E20D2F /* Pods-OpenWeatherApp.release.xcconfig */,
				557C59024D200EDD693479A9 /* Pods-OpenWeatherApp-OpenWeatherAppUITests.debug.xcconfig */,
				7E3779E7B4E51BB9457F2F01 /* Pods-OpenWeatherApp-OpenWeatherAppUITests.release.xcconfig */,
				27D7DD461C5FD04CDFD0FA71 /* Pods-OpenWeatherAppTests.debug.xcconfig */,
				EC73C43404A10E7FD01D6CFC /* Pods-OpenWeatherAppTests.release.xcconfig */,
			);
			path = Pods;
			sourceTree = "<group>";
		};
		699E62554F34D42FD9A47EDB /* Frameworks */ = {
			isa = PBXGroup;
			children = (
				D16931ECB82ABABF2317EC91 /* Pods_OpenWeatherApp.framework */,
				823EA91CA5F491DEF7B5A3FA /* Pods_OpenWeatherApp_OpenWeatherAppUITests.framework */,
				2731140D3A9E95F881DB2BDB /* Pods_OpenWeatherAppTests.framework */,
			);
			name = Frameworks;
			sourceTree = "<group>";
		};
		F283D06529B7B34A0055DEED = {
			isa = PBXGroup;
			children = (
				F283D07029B7B34A0055DEED /* OpenWeatherApp */,
				F283D08129B7B34C0055DEED /* OpenWeatherAppTests */,
				F283D08B29B7B34C0055DEED /* OpenWeatherAppUITests */,
				F283D06F29B7B34A0055DEED /* Products */,
				08B31BEDABE45E10B3AD9BD2 /* Pods */,
				699E62554F34D42FD9A47EDB /* Frameworks */,
			);
			sourceTree = "<group>";
		};
		F283D06F29B7B34A0055DEED /* Products */ = {
			isa = PBXGroup;
			children = (
				F283D06E29B7B34A0055DEED /* OpenWeatherApp.app */,
				F283D07E29B7B34C0055DEED /* OpenWeatherAppTests.xctest */,
				F283D08829B7B34C0055DEED /* OpenWeatherAppUITests.xctest */,
			);
			name = Products;
			sourceTree = "<group>";
		};
		F283D07029B7B34A0055DEED /* OpenWeatherApp */ = {
			isa = PBXGroup;
			children = (
				F283D07329B7B34A0055DEED /* ContentView.swift */,
				F283D07129B7B34A0055DEED /* OpenWeatherAppApp.swift */,
				F283D07529B7B34B0055DEED /* Assets.xcassets */,
				F2D6F67429B7F6D000C9B9F2 /* Extensions */,
				F2D6F66F29B7DC6500C9B9F2 /* Library */,
				F283D07729B7B34B0055DEED /* Preview Content */,
				F283D09D29B7B6670055DEED /* Resources */,
				F2D6F66B29B7D68000C9B9F2 /* Services */,
				F283D09E29B7C0630055DEED /* UserScreens */,
			);
			path = OpenWeatherApp;
			sourceTree = "<group>";
		};
		F283D07729B7B34B0055DEED /* Preview Content */ = {
			isa = PBXGroup;
			children = (
				F283D07829B7B34B0055DEED /* Preview Assets.xcassets */,
			);
			path = "Preview Content";
			sourceTree = "<group>";
		};
		F283D08129B7B34C0055DEED /* OpenWeatherAppTests */ = {
			isa = PBXGroup;
			children = (
				F283D08229B7B34C0055DEED /* OpenWeatherAppTests.swift */,
			);
			path = OpenWeatherAppTests;
			sourceTree = "<group>";
		};
		F283D08B29B7B34C0055DEED /* OpenWeatherAppUITests */ = {
			isa = PBXGroup;
			children = (
				F283D08C29B7B34C0055DEED /* OpenWeatherAppUITests.swift */,
				F283D08E29B7B34C0055DEED /* OpenWeatherAppUITestsLaunchTests.swift */,
			);
			path = OpenWeatherAppUITests;
			sourceTree = "<group>";
		};
		F283D09D29B7B6670055DEED /* Resources */ = {
			isa = PBXGroup;
			children = (
				F2D6F66529B7CEFD00C9B9F2 /* R.generated.swift */,
				F2D6F66329B7CE4800C9B9F2 /* Localizable.strings */,
			);
			path = Resources;
			sourceTree = "<group>";
		};
		F283D09E29B7C0630055DEED /* UserScreens */ = {
			isa = PBXGroup;
			children = (
				F283D0A029B7C07E0055DEED /* ForecastScreen */,
			);
			path = UserScreens;
			sourceTree = "<group>";
		};
		F283D0A029B7C07E0055DEED /* ForecastScreen */ = {
			isa = PBXGroup;
			children = (
				F283D0A129B7C0950055DEED /* ForecastView.swift */,
				F2D6F66729B7D55800C9B9F2 /* ForecastVM.swift */,
				F2D6F67229B7F38200C9B9F2 /* ForecastRow.swift */,
			);
			path = ForecastScreen;
			sourceTree = "<group>";
		};
		F2D6F66B29B7D68000C9B9F2 /* Services */ = {
			isa = PBXGroup;
			children = (
				F2D6F66C29B7D68500C9B9F2 /* OpenWeatherService */,
			);
			path = Services;
			sourceTree = "<group>";
		};
		F2D6F66C29B7D68500C9B9F2 /* OpenWeatherService */ = {
			isa = PBXGroup;
			children = (
				F2D6F66D29B7D69B00C9B9F2 /* OpenWeatherService.swift */,
			);
			path = OpenWeatherService;
			sourceTree = "<group>";
		};
		F2D6F66F29B7DC6500C9B9F2 /* Library */ = {
			isa = PBXGroup;
			children = (
				F2D6F67829B7FC8900C9B9F2 /* Forecast.swift */,
				F2D6F67029B7DC8100C9B9F2 /* WeatherForecastResponse.swift */,
			);
			path = Library;
			sourceTree = "<group>";
		};
		F2D6F67429B7F6D000C9B9F2 /* Extensions */ = {
			isa = PBXGroup;
			children = (
				F2D6F67529B7F6D500C9B9F2 /* Foundation */,
			);
			path = Extensions;
			sourceTree = "<group>";
		};
		F2D6F67529B7F6D500C9B9F2 /* Foundation */ = {
			isa = PBXGroup;
			children = (
				F2D6F67629B7F6E700C9B9F2 /* Date + Extensions.swift */,
			);
			path = Foundation;
			sourceTree = "<group>";
		};
/* End PBXGroup section */

/* Begin PBXNativeTarget section */
		F283D06D29B7B34A0055DEED /* OpenWeatherApp */ = {
			isa = PBXNativeTarget;
			buildConfigurationList = F283D09229B7B34C0055DEED /* Build configuration list for PBXNativeTarget "OpenWeatherApp" */;
			buildPhases = (
				FE67674810966ADB4CFDAD93 /* [CP] Check Pods Manifest.lock */,
				F283D09B29B7B53C0055DEED /* SwiftLint */,
				F283D09C29B7B5FA0055DEED /* RSwift */,
				F283D06A29B7B34A0055DEED /* Sources */,
				F283D06B29B7B34A0055DEED /* Frameworks */,
				F283D06C29B7B34A0055DEED /* Resources */,
				F4274694CE89C2917555286E /* [CP] Embed Pods Frameworks */,
			);
			buildRules = (
			);
			dependencies = (
			);
			name = OpenWeatherApp;
			productName = OpenWeatherApp;
			productReference = F283D06E29B7B34A0055DEED /* OpenWeatherApp.app */;
			productType = "com.apple.product-type.application";
		};
		F283D07D29B7B34C0055DEED /* OpenWeatherAppTests */ = {
			isa = PBXNativeTarget;
			buildConfigurationList = F283D09529B7B34C0055DEED /* Build configuration list for PBXNativeTarget "OpenWeatherAppTests" */;
			buildPhases = (
				5D226CE85468277EBF36C16D /* [CP] Check Pods Manifest.lock */,
				F283D07A29B7B34C0055DEED /* Sources */,
				F283D07B29B7B34C0055DEED /* Frameworks */,
				F283D07C29B7B34C0055DEED /* Resources */,
			);
			buildRules = (
			);
			dependencies = (
				F283D08029B7B34C0055DEED /* PBXTargetDependency */,
			);
			name = OpenWeatherAppTests;
			productName = OpenWeatherAppTests;
			productReference = F283D07E29B7B34C0055DEED /* OpenWeatherAppTests.xctest */;
			productType = "com.apple.product-type.bundle.unit-test";
		};
		F283D08729B7B34C0055DEED /* OpenWeatherAppUITests */ = {
			isa = PBXNativeTarget;
			buildConfigurationList = F283D09829B7B34C0055DEED /* Build configuration list for PBXNativeTarget "OpenWeatherAppUITests" */;
			buildPhases = (
				5B9DB05FB86783D10A7240CD /* [CP] Check Pods Manifest.lock */,
				F283D08429B7B34C0055DEED /* Sources */,
				F283D08529B7B34C0055DEED /* Frameworks */,
				F283D08629B7B34C0055DEED /* Resources */,
				51DF7E5BEC3F641BD039D044 /* [CP] Embed Pods Frameworks */,
			);
			buildRules = (
			);
			dependencies = (
				F283D08A29B7B34C0055DEED /* PBXTargetDependency */,
			);
			name = OpenWeatherAppUITests;
			productName = OpenWeatherAppUITests;
			productReference = F283D08829B7B34C0055DEED /* OpenWeatherAppUITests.xctest */;
			productType = "com.apple.product-type.bundle.ui-testing";
		};
/* End PBXNativeTarget section */

/* Begin PBXProject section */
		F283D06629B7B34A0055DEED /* Project object */ = {
			isa = PBXProject;
			attributes = {
				BuildIndependentTargetsInParallel = 1;
				LastSwiftUpdateCheck = 1420;
				LastUpgradeCheck = 1420;
				TargetAttributes = {
					F283D06D29B7B34A0055DEED = {
						CreatedOnToolsVersion = 14.2;
					};
					F283D07D29B7B34C0055DEED = {
						CreatedOnToolsVersion = 14.2;
						TestTargetID = F283D06D29B7B34A0055DEED;
					};
					F283D08729B7B34C0055DEED = {
						CreatedOnToolsVersion = 14.2;
						TestTargetID = F283D06D29B7B34A0055DEED;
					};
				};
			};
			buildConfigurationList = F283D06929B7B34A0055DEED /* Build configuration list for PBXProject "OpenWeatherApp" */;
			compatibilityVersion = "Xcode 14.0";
			developmentRegion = en;
			hasScannedForEncodings = 0;
			knownRegions = (
				en,
				Base,
			);
			mainGroup = F283D06529B7B34A0055DEED;
			productRefGroup = F283D06F29B7B34A0055DEED /* Products */;
			projectDirPath = "";
			projectRoot = "";
			targets = (
				F283D06D29B7B34A0055DEED /* OpenWeatherApp */,
				F283D07D29B7B34C0055DEED /* OpenWeatherAppTests */,
				F283D08729B7B34C0055DEED /* OpenWeatherAppUITests */,
			);
		};
/* End PBXProject section */

/* Begin PBXResourcesBuildPhase section */
		F283D06C29B7B34A0055DEED /* Resources */ = {
			isa = PBXResourcesBuildPhase;
			buildActionMask = 2147483647;
			files = (
				F283D07929B7B34B0055DEED /* Preview Assets.xcassets in Resources */,
				F2D6F66429B7CE4800C9B9F2 /* Localizable.strings in Resources */,
				F283D07629B7B34B0055DEED /* Assets.xcassets in Resources */,
			);
			runOnlyForDeploymentPostprocessing = 0;
		};
		F283D07C29B7B34C0055DEED /* Resources */ = {
			isa = PBXResourcesBuildPhase;
			buildActionMask = 2147483647;
			files = (
			);
			runOnlyForDeploymentPostprocessing = 0;
		};
		F283D08629B7B34C0055DEED /* Resources */ = {
			isa = PBXResourcesBuildPhase;
			buildActionMask = 2147483647;
			files = (
			);
			runOnlyForDeploymentPostprocessing = 0;
		};
/* End PBXResourcesBuildPhase section */

/* Begin PBXShellScriptBuildPhase section */
		51DF7E5BEC3F641BD039D044 /* [CP] Embed Pods Frameworks */ = {
			isa = PBXShellScriptBuildPhase;
			buildActionMask = 2147483647;
			files = (
			);
			inputFileListPaths = (
				"${PODS_ROOT}/Target Support Files/Pods-OpenWeatherApp-OpenWeatherAppUITests/Pods-OpenWeatherApp-OpenWeatherAppUITests-frameworks-${CONFIGURATION}-input-files.xcfilelist",
			);
			name = "[CP] Embed Pods Frameworks";
			outputFileListPaths = (
				"${PODS_ROOT}/Target Support Files/Pods-OpenWeatherApp-OpenWeatherAppUITests/Pods-OpenWeatherApp-OpenWeatherAppUITests-frameworks-${CONFIGURATION}-output-files.xcfilelist",
			);
			runOnlyForDeploymentPostprocessing = 0;
			shellPath = /bin/sh;
			shellScript = "\"${PODS_ROOT}/Target Support Files/Pods-OpenWeatherApp-OpenWeatherAppUITests/Pods-OpenWeatherApp-OpenWeatherAppUITests-frameworks.sh\"\n";
			showEnvVarsInLog = 0;
		};
		5B9DB05FB86783D10A7240CD /* [CP] Check Pods Manifest.lock */ = {
			isa = PBXShellScriptBuildPhase;
			buildActionMask = 2147483647;
			files = (
			);
			inputFileListPaths = (
			);
			inputPaths = (
				"${PODS_PODFILE_DIR_PATH}/Podfile.lock",
				"${PODS_ROOT}/Manifest.lock",
			);
			name = "[CP] Check Pods Manifest.lock";
			outputFileListPaths = (
			);
			outputPaths = (
				"$(DERIVED_FILE_DIR)/Pods-OpenWeatherApp-OpenWeatherAppUITests-checkManifestLockResult.txt",
			);
			runOnlyForDeploymentPostprocessing = 0;
			shellPath = /bin/sh;
			shellScript = "diff \"${PODS_PODFILE_DIR_PATH}/Podfile.lock\" \"${PODS_ROOT}/Manifest.lock\" > /dev/null\nif [ $? != 0 ] ; then\n    # print error to STDERR\n    echo \"error: The sandbox is not in sync with the Podfile.lock. Run 'pod install' or update your CocoaPods installation.\" >&2\n    exit 1\nfi\n# This output is used by Xcode 'outputs' to avoid re-running this script phase.\necho \"SUCCESS\" > \"${SCRIPT_OUTPUT_FILE_0}\"\n";
			showEnvVarsInLog = 0;
		};
		5D226CE85468277EBF36C16D /* [CP] Check Pods Manifest.lock */ = {
			isa = PBXShellScriptBuildPhase;
			buildActionMask = 2147483647;
			files = (
			);
			inputFileListPaths = (
			);
			inputPaths = (
				"${PODS_PODFILE_DIR_PATH}/Podfile.lock",
				"${PODS_ROOT}/Manifest.lock",
			);
			name = "[CP] Check Pods Manifest.lock";
			outputFileListPaths = (
			);
			outputPaths = (
				"$(DERIVED_FILE_DIR)/Pods-OpenWeatherAppTests-checkManifestLockResult.txt",
			);
			runOnlyForDeploymentPostprocessing = 0;
			shellPath = /bin/sh;
			shellScript = "diff \"${PODS_PODFILE_DIR_PATH}/Podfile.lock\" \"${PODS_ROOT}/Manifest.lock\" > /dev/null\nif [ $? != 0 ] ; then\n    # print error to STDERR\n    echo \"error: The sandbox is not in sync with the Podfile.lock. Run 'pod install' or update your CocoaPods installation.\" >&2\n    exit 1\nfi\n# This output is used by Xcode 'outputs' to avoid re-running this script phase.\necho \"SUCCESS\" > \"${SCRIPT_OUTPUT_FILE_0}\"\n";
			showEnvVarsInLog = 0;
		};
		F283D09B29B7B53C0055DEED /* SwiftLint */ = {
			isa = PBXShellScriptBuildPhase;
			alwaysOutOfDate = 1;
			buildActionMask = 2147483647;
			files = (
			);
			inputFileListPaths = (
			);
			inputPaths = (
			);
			name = SwiftLint;
			outputFileListPaths = (
			);
			outputPaths = (
			);
			runOnlyForDeploymentPostprocessing = 0;
			shellPath = /bin/sh;
			shellScript = "\"${PODS_ROOT}/SwiftLint/swiftlint --fix\"\n\"${PODS_ROOT}/SwiftLint/swiftlint\"\n";
		};
		F283D09C29B7B5FA0055DEED /* RSwift */ = {
			isa = PBXShellScriptBuildPhase;
			alwaysOutOfDate = 1;
			buildActionMask = 2147483647;
			files = (
			);
			inputFileListPaths = (
			);
			inputPaths = (
			);
			name = RSwift;
			outputFileListPaths = (
			);
			outputPaths = (
				$SRCROOT/OpenWeatherApp/Resources/R.generated.swift,
			);
			runOnlyForDeploymentPostprocessing = 0;
			shellPath = /bin/sh;
			shellScript = "if [ $ACTION != \"indexbuild\" ]; then\n  \"$PODS_ROOT/R.swift/rswift\" generate \"$SRCROOT/OpenWeatherApp/Resources/R.generated.swift\"\nfi\n";
		};
		F4274694CE89C2917555286E /* [CP] Embed Pods Frameworks */ = {
			isa = PBXShellScriptBuildPhase;
			buildActionMask = 2147483647;
			files = (
			);
			inputFileListPaths = (
				"${PODS_ROOT}/Target Support Files/Pods-OpenWeatherApp/Pods-OpenWeatherApp-frameworks-${CONFIGURATION}-input-files.xcfilelist",
			);
			name = "[CP] Embed Pods Frameworks";
			outputFileListPaths = (
				"${PODS_ROOT}/Target Support Files/Pods-OpenWeatherApp/Pods-OpenWeatherApp-frameworks-${CONFIGURATION}-output-files.xcfilelist",
			);
			runOnlyForDeploymentPostprocessing = 0;
			shellPath = /bin/sh;
			shellScript = "\"${PODS_ROOT}/Target Support Files/Pods-OpenWeatherApp/Pods-OpenWeatherApp-frameworks.sh\"\n";
			showEnvVarsInLog = 0;
		};
		FE67674810966ADB4CFDAD93 /* [CP] Check Pods Manifest.lock */ = {
			isa = PBXShellScriptBuildPhase;
			buildActionMask = 2147483647;
			files = (
			);
			inputFileListPaths = (
			);
			inputPaths = (
				"${PODS_PODFILE_DIR_PATH}/Podfile.lock",
				"${PODS_ROOT}/Manifest.lock",
			);
			name = "[CP] Check Pods Manifest.lock";
			outputFileListPaths = (
			);
			outputPaths = (
				"$(DERIVED_FILE_DIR)/Pods-OpenWeatherApp-checkManifestLockResult.txt",
			);
			runOnlyForDeploymentPostprocessing = 0;
			shellPath = /bin/sh;
			shellScript = "diff \"${PODS_PODFILE_DIR_PATH}/Podfile.lock\" \"${PODS_ROOT}/Manifest.lock\" > /dev/null\nif [ $? != 0 ] ; then\n    # print error to STDERR\n    echo \"error: The sandbox is not in sync with the Podfile.lock. Run 'pod install' or update your CocoaPods installation.\" >&2\n    exit 1\nfi\n# This output is used by Xcode 'outputs' to avoid re-running this script phase.\necho \"SUCCESS\" > \"${SCRIPT_OUTPUT_FILE_0}\"\n";
			showEnvVarsInLog = 0;
		};
/* End PBXShellScriptBuildPhase section */

/* Begin PBXSourcesBuildPhase section */
		F283D06A29B7B34A0055DEED /* Sources */ = {
			isa = PBXSourcesBuildPhase;
			buildActionMask = 2147483647;
			files = (
				F283D07429B7B34A0055DEED /* ContentView.swift in Sources */,
				F2D6F67729B7F6E700C9B9F2 /* Date + Extensions.swift in Sources */,
				F283D07229B7B34A0055DEED /* OpenWeatherAppApp.swift in Sources */,
				F2D6F66829B7D55800C9B9F2 /* ForecastVM.swift in Sources */,
				F2D6F67929B7FC8900C9B9F2 /* Forecast.swift in Sources */,
				F2D6F67329B7F38200C9B9F2 /* ForecastRow.swift in Sources */,
				F283D0A229B7C0950055DEED /* ForecastView.swift in Sources */,
				F2D6F66629B7CEFD00C9B9F2 /* R.generated.swift in Sources */,
				F2D6F67129B7DC8100C9B9F2 /* WeatherForecastResponse.swift in Sources */,
				F2D6F66E29B7D69B00C9B9F2 /* OpenWeatherService.swift in Sources */,
			);
			runOnlyForDeploymentPostprocessing = 0;
		};
		F283D07A29B7B34C0055DEED /* Sources */ = {
			isa = PBXSourcesBuildPhase;
			buildActionMask = 2147483647;
			files = (
				F283D08329B7B34C0055DEED /* OpenWeatherAppTests.swift in Sources */,
			);
			runOnlyForDeploymentPostprocessing = 0;
		};
		F283D08429B7B34C0055DEED /* Sources */ = {
			isa = PBXSourcesBuildPhase;
			buildActionMask = 2147483647;
			files = (
				F283D08D29B7B34C0055DEED /* OpenWeatherAppUITests.swift in Sources */,
				F283D08F29B7B34C0055DEED /* OpenWeatherAppUITestsLaunchTests.swift in Sources */,
			);
			runOnlyForDeploymentPostprocessing = 0;
		};
/* End PBXSourcesBuildPhase section */

/* Begin PBXTargetDependency section */
		F283D08029B7B34C0055DEED /* PBXTargetDependency */ = {
			isa = PBXTargetDependency;
			target = F283D06D29B7B34A0055DEED /* OpenWeatherApp */;
			targetProxy = F283D07F29B7B34C0055DEED /* PBXContainerItemProxy */;
		};
		F283D08A29B7B34C0055DEED /* PBXTargetDependency */ = {
			isa = PBXTargetDependency;
			target = F283D06D29B7B34A0055DEED /* OpenWeatherApp */;
			targetProxy = F283D08929B7B34C0055DEED /* PBXContainerItemProxy */;
		};
/* End PBXTargetDependency section */

/* Begin XCBuildConfiguration section */
		F283D09029B7B34C0055DEED /* Debug */ = {
			isa = XCBuildConfiguration;
			buildSettings = {
				ALWAYS_SEARCH_USER_PATHS = NO;
				CLANG_ANALYZER_NONNULL = YES;
				CLANG_ANALYZER_NUMBER_OBJECT_CONVERSION = YES_AGGRESSIVE;
				CLANG_CXX_LANGUAGE_STANDARD = "gnu++20";
				CLANG_ENABLE_MODULES = YES;
				CLANG_ENABLE_OBJC_ARC = YES;
				CLANG_ENABLE_OBJC_WEAK = YES;
				CLANG_WARN_BLOCK_CAPTURE_AUTORELEASING = YES;
				CLANG_WARN_BOOL_CONVERSION = YES;
				CLANG_WARN_COMMA = YES;
				CLANG_WARN_CONSTANT_CONVERSION = YES;
				CLANG_WARN_DEPRECATED_OBJC_IMPLEMENTATIONS = YES;
				CLANG_WARN_DIRECT_OBJC_ISA_USAGE = YES_ERROR;
				CLANG_WARN_DOCUMENTATION_COMMENTS = YES;
				CLANG_WARN_EMPTY_BODY = YES;
				CLANG_WARN_ENUM_CONVERSION = YES;
				CLANG_WARN_INFINITE_RECURSION = YES;
				CLANG_WARN_INT_CONVERSION = YES;
				CLANG_WARN_NON_LITERAL_NULL_CONVERSION = YES;
				CLANG_WARN_OBJC_IMPLICIT_RETAIN_SELF = YES;
				CLANG_WARN_OBJC_LITERAL_CONVERSION = YES;
				CLANG_WARN_OBJC_ROOT_CLASS = YES_ERROR;
				CLANG_WARN_QUOTED_INCLUDE_IN_FRAMEWORK_HEADER = YES;
				CLANG_WARN_RANGE_LOOP_ANALYSIS = YES;
				CLANG_WARN_STRICT_PROTOTYPES = YES;
				CLANG_WARN_SUSPICIOUS_MOVE = YES;
				CLANG_WARN_UNGUARDED_AVAILABILITY = YES_AGGRESSIVE;
				CLANG_WARN_UNREACHABLE_CODE = YES;
				CLANG_WARN__DUPLICATE_METHOD_MATCH = YES;
				COPY_PHASE_STRIP = NO;
				DEBUG_INFORMATION_FORMAT = dwarf;
				ENABLE_STRICT_OBJC_MSGSEND = YES;
				ENABLE_TESTABILITY = YES;
				GCC_C_LANGUAGE_STANDARD = gnu11;
				GCC_DYNAMIC_NO_PIC = NO;
				GCC_NO_COMMON_BLOCKS = YES;
				GCC_OPTIMIZATION_LEVEL = 0;
				GCC_PREPROCESSOR_DEFINITIONS = (
					"DEBUG=1",
					"$(inherited)",
				);
				GCC_WARN_64_TO_32_BIT_CONVERSION = YES;
				GCC_WARN_ABOUT_RETURN_TYPE = YES_ERROR;
				GCC_WARN_UNDECLARED_SELECTOR = YES;
				GCC_WARN_UNINITIALIZED_AUTOS = YES_AGGRESSIVE;
				GCC_WARN_UNUSED_FUNCTION = YES;
				GCC_WARN_UNUSED_VARIABLE = YES;
				IPHONEOS_DEPLOYMENT_TARGET = 16.2;
				MTL_ENABLE_DEBUG_INFO = INCLUDE_SOURCE;
				MTL_FAST_MATH = YES;
				ONLY_ACTIVE_ARCH = YES;
				SDKROOT = iphoneos;
				SWIFT_ACTIVE_COMPILATION_CONDITIONS = DEBUG;
				SWIFT_OPTIMIZATION_LEVEL = "-Onone";
			};
			name = Debug;
		};
		F283D09129B7B34C0055DEED /* Release */ = {
			isa = XCBuildConfiguration;
			buildSettings = {
				ALWAYS_SEARCH_USER_PATHS = NO;
				CLANG_ANALYZER_NONNULL = YES;
				CLANG_ANALYZER_NUMBER_OBJECT_CONVERSION = YES_AGGRESSIVE;
				CLANG_CXX_LANGUAGE_STANDARD = "gnu++20";
				CLANG_ENABLE_MODULES = YES;
				CLANG_ENABLE_OBJC_ARC = YES;
				CLANG_ENABLE_OBJC_WEAK = YES;
				CLANG_WARN_BLOCK_CAPTURE_AUTORELEASING = YES;
				CLANG_WARN_BOOL_CONVERSION = YES;
				CLANG_WARN_COMMA = YES;
				CLANG_WARN_CONSTANT_CONVERSION = YES;
				CLANG_WARN_DEPRECATED_OBJC_IMPLEMENTATIONS = YES;
				CLANG_WARN_DIRECT_OBJC_ISA_USAGE = YES_ERROR;
				CLANG_WARN_DOCUMENTATION_COMMENTS = YES;
				CLANG_WARN_EMPTY_BODY = YES;
				CLANG_WARN_ENUM_CONVERSION = YES;
				CLANG_WARN_INFINITE_RECURSION = YES;
				CLANG_WARN_INT_CONVERSION = YES;
				CLANG_WARN_NON_LITERAL_NULL_CONVERSION = YES;
				CLANG_WARN_OBJC_IMPLICIT_RETAIN_SELF = YES;
				CLANG_WARN_OBJC_LITERAL_CONVERSION = YES;
				CLANG_WARN_OBJC_ROOT_CLASS = YES_ERROR;
				CLANG_WARN_QUOTED_INCLUDE_IN_FRAMEWORK_HEADER = YES;
				CLANG_WARN_RANGE_LOOP_ANALYSIS = YES;
				CLANG_WARN_STRICT_PROTOTYPES = YES;
				CLANG_WARN_SUSPICIOUS_MOVE = YES;
				CLANG_WARN_UNGUARDED_AVAILABILITY = YES_AGGRESSIVE;
				CLANG_WARN_UNREACHABLE_CODE = YES;
				CLANG_WARN__DUPLICATE_METHOD_MATCH = YES;
				COPY_PHASE_STRIP = NO;
				DEBUG_INFORMATION_FORMAT = "dwarf-with-dsym";
				ENABLE_NS_ASSERTIONS = NO;
				ENABLE_STRICT_OBJC_MSGSEND = YES;
				GCC_C_LANGUAGE_STANDARD = gnu11;
				GCC_NO_COMMON_BLOCKS = YES;
				GCC_WARN_64_TO_32_BIT_CONVERSION = YES;
				GCC_WARN_ABOUT_RETURN_TYPE = YES_ERROR;
				GCC_WARN_UNDECLARED_SELECTOR = YES;
				GCC_WARN_UNINITIALIZED_AUTOS = YES_AGGRESSIVE;
				GCC_WARN_UNUSED_FUNCTION = YES;
				GCC_WARN_UNUSED_VARIABLE = YES;
				IPHONEOS_DEPLOYMENT_TARGET = 16.2;
				MTL_ENABLE_DEBUG_INFO = NO;
				MTL_FAST_MATH = YES;
				SDKROOT = iphoneos;
				SWIFT_COMPILATION_MODE = wholemodule;
				SWIFT_OPTIMIZATION_LEVEL = "-O";
				VALIDATE_PRODUCT = YES;
			};
			name = Release;
		};
		F283D09329B7B34C0055DEED /* Debug */ = {
			isa = XCBuildConfiguration;
			baseConfigurationReference = 236D9D0C710BFB9D04550BF5 /* Pods-OpenWeatherApp.debug.xcconfig */;
			buildSettings = {
				ASSETCATALOG_COMPILER_APPICON_NAME = AppIcon;
				ASSETCATALOG_COMPILER_GLOBAL_ACCENT_COLOR_NAME = AccentColor;
				CODE_SIGN_STYLE = Automatic;
				CURRENT_PROJECT_VERSION = 1;
				DEVELOPMENT_ASSET_PATHS = "\"OpenWeatherApp/Preview Content\"";
				DEVELOPMENT_TEAM = 92248YS3F6;
				ENABLE_PREVIEWS = YES;
				GENERATE_INFOPLIST_FILE = YES;
				INFOPLIST_KEY_UIApplicationSceneManifest_Generation = YES;
				INFOPLIST_KEY_UIApplicationSupportsIndirectInputEvents = YES;
				INFOPLIST_KEY_UILaunchScreen_Generation = YES;
				INFOPLIST_KEY_UISupportedInterfaceOrientations_iPad = "UIInterfaceOrientationPortrait UIInterfaceOrientationPortraitUpsideDown UIInterfaceOrientationLandscapeLeft UIInterfaceOrientationLandscapeRight";
				INFOPLIST_KEY_UISupportedInterfaceOrientations_iPhone = "UIInterfaceOrientationPortrait UIInterfaceOrientationLandscapeLeft UIInterfaceOrientationLandscapeRight";
				LD_RUNPATH_SEARCH_PATHS = (
					"$(inherited)",
					"@executable_path/Frameworks",
				);
				MARKETING_VERSION = 1.0;
				PRODUCT_BUNDLE_IDENTIFIER = me.elshazly.OpenWeatherApp;
				PRODUCT_NAME = "$(TARGET_NAME)";
				SWIFT_EMIT_LOC_STRINGS = YES;
				SWIFT_VERSION = 5.0;
				TARGETED_DEVICE_FAMILY = "1,2";
			};
			name = Debug;
		};
		F283D09429B7B34C0055DEED /* Release */ = {
			isa = XCBuildConfiguration;
			baseConfigurationReference = 75950219C9828406D7E20D2F /* Pods-OpenWeatherApp.release.xcconfig */;
			buildSettings = {
				ASSETCATALOG_COMPILER_APPICON_NAME = AppIcon;
				ASSETCATALOG_COMPILER_GLOBAL_ACCENT_COLOR_NAME = AccentColor;
				CODE_SIGN_STYLE = Automatic;
				CURRENT_PROJECT_VERSION = 1;
				DEVELOPMENT_ASSET_PATHS = "\"OpenWeatherApp/Preview Content\"";
				DEVELOPMENT_TEAM = 92248YS3F6;
				ENABLE_PREVIEWS = YES;
				GENERATE_INFOPLIST_FILE = YES;
				INFOPLIST_KEY_UIApplicationSceneManifest_Generation = YES;
				INFOPLIST_KEY_UIApplicationSupportsIndirectInputEvents = YES;
				INFOPLIST_KEY_UILaunchScreen_Generation = YES;
				INFOPLIST_KEY_UISupportedInterfaceOrientations_iPad = "UIInterfaceOrientationPortrait UIInterfaceOrientationPortraitUpsideDown UIInterfaceOrientationLandscapeLeft UIInterfaceOrientationLandscapeRight";
				INFOPLIST_KEY_UISupportedInterfaceOrientations_iPhone = "UIInterfaceOrientationPortrait UIInterfaceOrientationLandscapeLeft UIInterfaceOrientationLandscapeRight";
				LD_RUNPATH_SEARCH_PATHS = (
					"$(inherited)",
					"@executable_path/Frameworks",
				);
				MARKETING_VERSION = 1.0;
				PRODUCT_BUNDLE_IDENTIFIER = me.elshazly.OpenWeatherApp;
				PRODUCT_NAME = "$(TARGET_NAME)";
				SWIFT_EMIT_LOC_STRINGS = YES;
				SWIFT_VERSION = 5.0;
				TARGETED_DEVICE_FAMILY = "1,2";
			};
			name = Release;
		};
		F283D09629B7B34C0055DEED /* Debug */ = {
			isa = XCBuildConfiguration;
			baseConfigurationReference = 27D7DD461C5FD04CDFD0FA71 /* Pods-OpenWeatherAppTests.debug.xcconfig */;
			buildSettings = {
				ALWAYS_EMBED_SWIFT_STANDARD_LIBRARIES = YES;
				BUNDLE_LOADER = "$(TEST_HOST)";
				CODE_SIGN_STYLE = Automatic;
				CURRENT_PROJECT_VERSION = 1;
				DEVELOPMENT_TEAM = 92248YS3F6;
				GENERATE_INFOPLIST_FILE = YES;
				IPHONEOS_DEPLOYMENT_TARGET = 16.2;
				MARKETING_VERSION = 1.0;
				PRODUCT_BUNDLE_IDENTIFIER = me.elshazly.OpenWeatherAppTests;
				PRODUCT_NAME = "$(TARGET_NAME)";
				SWIFT_EMIT_LOC_STRINGS = NO;
				SWIFT_VERSION = 5.0;
				TARGETED_DEVICE_FAMILY = "1,2";
				TEST_HOST = "$(BUILT_PRODUCTS_DIR)/OpenWeatherApp.app/$(BUNDLE_EXECUTABLE_FOLDER_PATH)/OpenWeatherApp";
			};
			name = Debug;
		};
		F283D09729B7B34C0055DEED /* Release */ = {
			isa = XCBuildConfiguration;
			baseConfigurationReference = EC73C43404A10E7FD01D6CFC /* Pods-OpenWeatherAppTests.release.xcconfig */;
			buildSettings = {
				ALWAYS_EMBED_SWIFT_STANDARD_LIBRARIES = YES;
				BUNDLE_LOADER = "$(TEST_HOST)";
				CODE_SIGN_STYLE = Automatic;
				CURRENT_PROJECT_VERSION = 1;
				DEVELOPMENT_TEAM = 92248YS3F6;
				GENERATE_INFOPLIST_FILE = YES;
				IPHONEOS_DEPLOYMENT_TARGET = 16.2;
				MARKETING_VERSION = 1.0;
				PRODUCT_BUNDLE_IDENTIFIER = me.elshazly.OpenWeatherAppTests;
				PRODUCT_NAME = "$(TARGET_NAME)";
				SWIFT_EMIT_LOC_STRINGS = NO;
				SWIFT_VERSION = 5.0;
				TARGETED_DEVICE_FAMILY = "1,2";
				TEST_HOST = "$(BUILT_PRODUCTS_DIR)/OpenWeatherApp.app/$(BUNDLE_EXECUTABLE_FOLDER_PATH)/OpenWeatherApp";
			};
			name = Release;
		};
		F283D09929B7B34C0055DEED /* Debug */ = {
			isa = XCBuildConfiguration;
			baseConfigurationReference = 557C59024D200EDD693479A9 /* Pods-OpenWeatherApp-OpenWeatherAppUITests.debug.xcconfig */;
			buildSettings = {
				ALWAYS_EMBED_SWIFT_STANDARD_LIBRARIES = YES;
				CODE_SIGN_STYLE = Automatic;
				CURRENT_PROJECT_VERSION = 1;
				DEVELOPMENT_TEAM = 92248YS3F6;
				GENERATE_INFOPLIST_FILE = YES;
				MARKETING_VERSION = 1.0;
				PRODUCT_BUNDLE_IDENTIFIER = me.elshazly.OpenWeatherAppUITests;
				PRODUCT_NAME = "$(TARGET_NAME)";
				SWIFT_EMIT_LOC_STRINGS = NO;
				SWIFT_VERSION = 5.0;
				TARGETED_DEVICE_FAMILY = "1,2";
				TEST_TARGET_NAME = OpenWeatherApp;
			};
			name = Debug;
		};
		F283D09A29B7B34C0055DEED /* Release */ = {
			isa = XCBuildConfiguration;
			baseConfigurationReference = 7E3779E7B4E51BB9457F2F01 /* Pods-OpenWeatherApp-OpenWeatherAppUITests.release.xcconfig */;
			buildSettings = {
				ALWAYS_EMBED_SWIFT_STANDARD_LIBRARIES = YES;
				CODE_SIGN_STYLE = Automatic;
				CURRENT_PROJECT_VERSION = 1;
				DEVELOPMENT_TEAM = 92248YS3F6;
				GENERATE_INFOPLIST_FILE = YES;
				MARKETING_VERSION = 1.0;
				PRODUCT_BUNDLE_IDENTIFIER = me.elshazly.OpenWeatherAppUITests;
				PRODUCT_NAME = "$(TARGET_NAME)";
				SWIFT_EMIT_LOC_STRINGS = NO;
				SWIFT_VERSION = 5.0;
				TARGETED_DEVICE_FAMILY = "1,2";
				TEST_TARGET_NAME = OpenWeatherApp;
			};
			name = Release;
		};
/* End XCBuildConfiguration section */

/* Begin XCConfigurationList section */
		F283D06929B7B34A0055DEED /* Build configuration list for PBXProject "OpenWeatherApp" */ = {
			isa = XCConfigurationList;
			buildConfigurations = (
				F283D09029B7B34C0055DEED /* Debug */,
				F283D09129B7B34C0055DEED /* Release */,
			);
			defaultConfigurationIsVisible = 0;
			defaultConfigurationName = Release;
		};
		F283D09229B7B34C0055DEED /* Build configuration list for PBXNativeTarget "OpenWeatherApp" */ = {
			isa = XCConfigurationList;
			buildConfigurations = (
				F283D09329B7B34C0055DEED /* Debug */,
				F283D09429B7B34C0055DEED /* Release */,
			);
			defaultConfigurationIsVisible = 0;
			defaultConfigurationName = Release;
		};
		F283D09529B7B34C0055DEED /* Build configuration list for PBXNativeTarget "OpenWeatherAppTests" */ = {
			isa = XCConfigurationList;
			buildConfigurations = (
				F283D09629B7B34C0055DEED /* Debug */,
				F283D09729B7B34C0055DEED /* Release */,
			);
			defaultConfigurationIsVisible = 0;
			defaultConfigurationName = Release;
		};
		F283D09829B7B34C0055DEED /* Build configuration list for PBXNativeTarget "OpenWeatherAppUITests" */ = {
			isa = XCConfigurationList;
			buildConfigurations = (
				F283D09929B7B34C0055DEED /* Debug */,
				F283D09A29B7B34C0055DEED /* Release */,
			);
			defaultConfigurationIsVisible = 0;
			defaultConfigurationName = Release;
		};
/* End XCConfigurationList section */
	};
	rootObject = F283D06629B7B34A0055DEED /* Project object */;
}
